
Microsoft Visual Studio Solution File, Format Version 12.00
# Visual Studio Version 17
VisualStudioVersion = 17.8.34330.188
MinimumVisualStudioVersion = 10.0.40219.1
Project("{FAE04EC0-301F-11D3-BF4B-00C04F79EFBC}") = "BetterLetters", "BetterLetters.csproj", "{0A91E48F-8E5D-46F1-98AC-A9FAD52DFA00}"
EndProject
Global
	GlobalSection(SolutionConfigurationPlatforms) = preSolution
		1.1|Any CPU = 1.1|Any CPU
		1.2|Any CPU = 1.2|Any CPU
		1.3|Any CPU = 1.3|Any CPU
		1.4|Any CPU = 1.4|Any CPU
		1.5|Any CPU = 1.5|Any CPU
		Debug|Any CPU = Debug|Any CPU
	EndGlobalSection
	GlobalSection(ProjectConfigurationPlatforms) = postSolution
		{0A91E48F-8E5D-46F1-98AC-A9FAD52DFA00}.1.1|Any CPU.ActiveCfg = 1.1|Any CPU
		{0A91E48F-8E5D-46F1-98AC-A9FAD52DFA00}.1.1|Any CPU.Build.0 = 1.1|Any CPU
		{0A91E48F-8E5D-46F1-98AC-A9FAD52DFA00}.1.2|Any CPU.ActiveCfg = 1.2|Any CPU
		{0A91E48F-8E5D-46F1-98AC-A9FAD52DFA00}.1.2|Any CPU.Build.0 = 1.2|Any CPU
		{0A91E48F-8E5D-46F1-98AC-A9FAD52DFA00}.1.3|Any CPU.ActiveCfg = 1.3|Any CPU
		{0A91E48F-8E5D-46F1-98AC-A9FAD52DFA00}.1.3|Any CPU.Build.0 = 1.3|Any CPU
		{0A91E48F-8E5D-46F1-98AC-A9FAD52DFA00}.1.4|Any CPU.ActiveCfg = 1.4|Any CPU
		{0A91E48F-8E5D-46F1-98AC-A9FAD52DFA00}.1.4|Any CPU.Build.0 = 1.4|Any CPU
		{0A91E48F-8E5D-46F1-98AC-A9FAD52DFA00}.1.5|Any CPU.ActiveCfg = 1.5|Any CPU
		{0A91E48F-8E5D-46F1-98AC-A9FAD52DFA00}.1.5|Any CPU.Build.0 = 1.5|Any CPU
		{0A91E48F-8E5D-46F1-98AC-A9FAD52DFA00}.Debug|Any CPU.ActiveCfg = Debug|Any CPU
		{0A91E48F-8E5D-46F1-98AC-A9FAD52DFA00}.Debug|Any CPU.Build.0 = Debug|Any CPU
	EndGlobalSection
	GlobalSection(SolutionProperties) = preSolution
		HideSolutionNode = FALSE
	EndGlobalSection
	GlobalSection(ExtensibilityGlobals) = postSolution
		SolutionGuid = {62A95A72-BC07-4C31-944E-060FF9C57687}
	EndGlobalSection
EndGlobal
